// !$*UTF8*$!
{
	archiveVersion = 1;
	classes = {
	};
	objectVersion = 46;
	objects = {

/* Begin PBXBuildFile section */
		2F1FF0FD1D3C2758008DF8C3 /* GoogleService-Info.plist in Resources */ = {isa = PBXBuildFile; fileRef = 2F1FF0FC1D3C2758008DF8C3 /* GoogleService-Info.plist */; };
		2F7973F61D32D529008FD055 /* AppDelegate.swift in Sources */ = {isa = PBXBuildFile; fileRef = 2F7973F51D32D529008FD055 /* AppDelegate.swift */; };
		2F7973F81D32D529008FD055 /* ViewController.swift in Sources */ = {isa = PBXBuildFile; fileRef = 2F7973F71D32D529008FD055 /* ViewController.swift */; };
		2F7973FB1D32D529008FD055 /* Main.storyboard in Resources */ = {isa = PBXBuildFile; fileRef = 2F7973F91D32D529008FD055 /* Main.storyboard */; };
		2F7973FD1D32D529008FD055 /* Assets.xcassets in Resources */ = {isa = PBXBuildFile; fileRef = 2F7973FC1D32D529008FD055 /* Assets.xcassets */; };
		2F7974001D32D529008FD055 /* LaunchScreen.storyboard in Resources */ = {isa = PBXBuildFile; fileRef = 2F7973FE1D32D529008FD055 /* LaunchScreen.storyboard */; };
		A3BF6838D524EE3749DFBE7C /* Pods_bikedatacollector2.framework in Frameworks */ = {isa = PBXBuildFile; fileRef = 7207F0F642FD3905E2E22B9D /* Pods_bikedatacollector2.framework */; };
/* End PBXBuildFile section */

/* Begin PBXFileReference section */
		2F1FF0FC1D3C2758008DF8C3 /* GoogleService-Info.plist */ = {isa = PBXFileReference; fileEncoding = 4; lastKnownFileType = text.plist.xml; path = "GoogleService-Info.plist"; sourceTree = "<group>"; };
		2F7973F21D32D529008FD055 /* bikedatacollector2.app */ = {isa = PBXFileReference; explicitFileType = wrapper.application; includeInIndex = 0; path = bikedatacollector2.app; sourceTree = BUILT_PRODUCTS_DIR; };
		2F7973F51D32D529008FD055 /* AppDelegate.swift */ = {isa = PBXFileReference; lastKnownFileType = sourcecode.swift; path = AppDelegate.swift; sourceTree = "<group>"; };
		2F7973F71D32D529008FD055 /* ViewController.swift */ = {isa = PBXFileReference; lastKnownFileType = sourcecode.swift; path = ViewController.swift; sourceTree = "<group>"; };
		2F7973FA1D32D529008FD055 /* Base */ = {isa = PBXFileReference; lastKnownFileType = file.storyboard; name = Base; path = Base.lproj/Main.storyboard; sourceTree = "<group>"; };
		2F7973FC1D32D529008FD055 /* Assets.xcassets */ = {isa = PBXFileReference; lastKnownFileType = folder.assetcatalog; path = Assets.xcassets; sourceTree = "<group>"; };
		2F7973FF1D32D529008FD055 /* Base */ = {isa = PBXFileReference; lastKnownFileType = file.storyboard; name = Base; path = Base.lproj/LaunchScreen.storyboard; sourceTree = "<group>"; };
		2F7974011D32D529008FD055 /* Info.plist */ = {isa = PBXFileReference; lastKnownFileType = text.plist.xml; path = Info.plist; sourceTree = "<group>"; };
		3EA22762392E76D8BF856ADB /* Pods-bikedatacollector2.debug.xcconfig */ = {isa = PBXFileReference; includeInIndex = 1; lastKnownFileType = text.xcconfig; name = "Pods-bikedatacollector2.debug.xcconfig"; path = "Pods/Target Support Files/Pods-bikedatacollector2/Pods-bikedatacollector2.debug.xcconfig"; sourceTree = "<group>"; };
		7207F0F642FD3905E2E22B9D /* Pods_bikedatacollector2.framework */ = {isa = PBXFileReference; explicitFileType = wrapper.framework; includeInIndex = 0; path = Pods_bikedatacollector2.framework; sourceTree = BUILT_PRODUCTS_DIR; };
		CA40E93E0524DACC008F90CE /* Pods-bikedatacollector2.release.xcconfig */ = {isa = PBXFileReference; includeInIndex = 1; lastKnownFileType = text.xcconfig; name = "Pods-bikedatacollector2.release.xcconfig"; path = "Pods/Target Support Files/Pods-bikedatacollector2/Pods-bikedatacollector2.release.xcconfig"; sourceTree = "<group>"; };
/* End PBXFileReference section */

/* Begin PBXFrameworksBuildPhase section */
		2F7973EF1D32D529008FD055 /* Frameworks */ = {
			isa = PBXFrameworksBuildPhase;
			buildActionMask = 2147483647;
			files = (
				A3BF6838D524EE3749DFBE7C /* Pods_bikedatacollector2.framework in Frameworks */,
			);
			runOnlyForDeploymentPostprocessing = 0;
		};
/* End PBXFrameworksBuildPhase section */

/* Begin PBXGroup section */
		2F7973E91D32D529008FD055 = {
			isa = PBXGroup;
			children = (
				2F1FF0FC1D3C2758008DF8C3 /* GoogleService-Info.plist */,
				2F7973F41D32D529008FD055 /* bikedatacollector2 */,
				2F7973F31D32D529008FD055 /* Products */,
				68ECA6CD5AA55C329C2F6CE6 /* Pods */,
				82150A54C6B5181C3988CAB0 /* Frameworks */,
			);
			sourceTree = "<group>";
		};
		2F7973F31D32D529008FD055 /* Products */ = {
			isa = PBXGroup;
			children = (
				2F7973F21D32D529008FD055 /* bikedatacollector2.app */,
			);
			name = Products;
			sourceTree = "<group>";
		};
		2F7973F41D32D529008FD055 /* bikedatacollector2 */ = {
			isa = PBXGroup;
			children = (
				2F7973F51D32D529008FD055 /* AppDelegate.swift */,
				2F7973F71D32D529008FD055 /* ViewController.swift */,
				2F7973F91D32D529008FD055 /* Main.storyboard */,
				2F7973FC1D32D529008FD055 /* Assets.xcassets */,
				2F7973FE1D32D529008FD055 /* LaunchScreen.storyboard */,
				2F7974011D32D529008FD055 /* Info.plist */,
			);
			path = bikedatacollector2;
			sourceTree = "<group>";
		};
		68ECA6CD5AA55C329C2F6CE6 /* Pods */ = {
			isa = PBXGroup;
			children = (
				3EA22762392E76D8BF856ADB /* Pods-bikedatacollector2.debug.xcconfig */,
				CA40E93E0524DACC008F90CE /* Pods-bikedatacollector2.release.xcconfig */,
			);
			name = Pods;
			sourceTree = "<group>";
		};
		82150A54C6B5181C3988CAB0 /* Frameworks */ = {
			isa = PBXGroup;
			children = (
				7207F0F642FD3905E2E22B9D /* Pods_bikedatacollector2.framework */,
			);
			name = Frameworks;
			sourceTree = "<group>";
		};
/* End PBXGroup section */

/* Begin PBXNativeTarget section */
		2F7973F11D32D529008FD055 /* bikedatacollector2 */ = {
			isa = PBXNativeTarget;
			buildConfigurationList = 2F7974041D32D529008FD055 /* Build configuration list for PBXNativeTarget "bikedatacollector2" */;
			buildPhases = (
				6A87BB0F59EC2DB280759C9D /* [CP] Check Pods Manifest.lock */,
				2F7973EE1D32D529008FD055 /* Sources */,
				2F7973EF1D32D529008FD055 /* Frameworks */,
				2F7973F01D32D529008FD055 /* Resources */,
				308CAFF1BDB1AF05024A4237 /* [CP] Embed Pods Frameworks */,
				E5A768EF488900638A50DC2D /* [CP] Copy Pods Resources */,
			);
			buildRules = (
			);
			dependencies = (
			);
			name = bikedatacollector2;
			productName = bikedatacollector2;
			productReference = 2F7973F21D32D529008FD055 /* bikedatacollector2.app */;
			productType = "com.apple.product-type.application";
		};
/* End PBXNativeTarget section */

/* Begin PBXProject section */
		2F7973EA1D32D529008FD055 /* Project object */ = {
			isa = PBXProject;
			attributes = {
				LastUpgradeCheck = 0800;
				ORGANIZATIONNAME = "Thomas Lee";
				TargetAttributes = {
					2F7973F11D32D529008FD055 = {
						CreatedOnToolsVersion = 7.0;
						DevelopmentTeam = 2A338335P8;
						LastSwiftMigration = 0800;
						SystemCapabilities = {
							com.apple.BackgroundModes = {
								enabled = 1;
							};
						};
					};
				};
			};
			buildConfigurationList = 2F7973ED1D32D529008FD055 /* Build configuration list for PBXProject "bikedatacollector2" */;
			compatibilityVersion = "Xcode 3.2";
			developmentRegion = English;
			hasScannedForEncodings = 0;
			knownRegions = (
				en,
				Base,
			);
			mainGroup = 2F7973E91D32D529008FD055;
			productRefGroup = 2F7973F31D32D529008FD055 /* Products */;
			projectDirPath = "";
			projectRoot = "";
			targets = (
				2F7973F11D32D529008FD055 /* bikedatacollector2 */,
			);
		};
/* End PBXProject section */

/* Begin PBXResourcesBuildPhase section */
		2F7973F01D32D529008FD055 /* Resources */ = {
			isa = PBXResourcesBuildPhase;
			buildActionMask = 2147483647;
			files = (
				2F7974001D32D529008FD055 /* LaunchScreen.storyboard in Resources */,
				2F1FF0FD1D3C2758008DF8C3 /* GoogleService-Info.plist in Resources */,
				2F7973FD1D32D529008FD055 /* Assets.xcassets in Resources */,
				2F7973FB1D32D529008FD055 /* Main.storyboard in Resources */,
			);
			runOnlyForDeploymentPostprocessing = 0;
		};
/* End PBXResourcesBuildPhase section */

/* Begin PBXShellScriptBuildPhase section */
		308CAFF1BDB1AF05024A4237 /* [CP] Embed Pods Frameworks */ = {
			isa = PBXShellScriptBuildPhase;
			buildActionMask = 2147483647;
			files = (
			);
			inputPaths = (
			);
			name = "[CP] Embed Pods Frameworks";
			outputPaths = (
			);
			runOnlyForDeploymentPostprocessing = 0;
			shellPath = /bin/sh;
			shellScript = "\"${SRCROOT}/Pods/Target Support Files/Pods-bikedatacollector2/Pods-bikedatacollector2-frameworks.sh\"\n";
			showEnvVarsInLog = 0;
		};
		6A87BB0F59EC2DB280759C9D /* [CP] Check Pods Manifest.lock */ = {
			isa = PBXShellScriptBuildPhase;
			buildActionMask = 2147483647;
			files = (
			);
			inputPaths = (
			);
			name = "[CP] Check Pods Manifest.lock";
			outputPaths = (
			);
			runOnlyForDeploymentPostprocessing = 0;
			shellPath = /bin/sh;
			shellScript = "diff \"${PODS_ROOT}/../Podfile.lock\" \"${PODS_ROOT}/Manifest.lock\" > /dev/null\nif [[ $? != 0 ]] ; then\n    cat << EOM\nerror: The sandbox is not in sync with the Podfile.lock. Run 'pod install' or update your CocoaPods installation.\nEOM\n    exit 1\nfi\n";
			showEnvVarsInLog = 0;
		};
		E5A768EF488900638A50DC2D /* [CP] Copy Pods Resources */ = {
			isa = PBXShellScriptBuildPhase;
			buildActionMask = 2147483647;
			files = (
			);
			inputPaths = (
			);
			name = "[CP] Copy Pods Resources";
			outputPaths = (
			);
			runOnlyForDeploymentPostprocessing = 0;
			shellPath = /bin/sh;
			shellScript = "\"${SRCROOT}/Pods/Target Support Files/Pods-bikedatacollector2/Pods-bikedatacollector2-resources.sh\"\n";
			showEnvVarsInLog = 0;
		};
/* End PBXShellScriptBuildPhase section */

/* Begin PBXSourcesBuildPhase section */
		2F7973EE1D32D529008FD055 /* Sources */ = {
			isa = PBXSourcesBuildPhase;
			buildActionMask = 2147483647;
			files = (
				2F7973F81D32D529008FD055 /* ViewController.swift in Sources */,
				2F7973F61D32D529008FD055 /* AppDelegate.swift in Sources */,
			);
			runOnlyForDeploymentPostprocessing = 0;
		};
/* End PBXSourcesBuildPhase section */

/* Begin PBXVariantGroup section */
		2F7973F91D32D529008FD055 /* Main.storyboard */ = {
			isa = PBXVariantGroup;
			children = (
				2F7973FA1D32D529008FD055 /* Base */,
			);
			name = Main.storyboard;
			sourceTree = "<group>";
		};
		2F7973FE1D32D529008FD055 /* LaunchScreen.storyboard */ = {
			isa = PBXVariantGroup;
			children = (
				2F7973FF1D32D529008FD055 /* Base */,
			);
			name = LaunchScreen.storyboard;
			sourceTree = "<group>";
		};
/* End PBXVariantGroup section */

/* Begin XCBuildConfiguration section */
		2F7974021D32D529008FD055 /* Debug */ = {
			isa = XCBuildConfiguration;
			buildSettings = {
				ALWAYS_SEARCH_USER_PATHS = NO;
				CLANG_CXX_LANGUAGE_STANDARD = "gnu++0x";
				CLANG_CXX_LIBRARY = "libc++";
				CLANG_ENABLE_MODULES = YES;
				CLANG_ENABLE_OBJC_ARC = YES;
				CLANG_WARN_BOOL_CONVERSION = YES;
				CLANG_WARN_CONSTANT_CONVERSION = YES;
				CLANG_WARN_DIRECT_OBJC_ISA_USAGE = YES_ERROR;
				CLANG_WARN_EMPTY_BODY = YES;
				CLANG_WARN_ENUM_CONVERSION = YES;
				CLANG_WARN_INFINITE_RECURSION = YES;
				CLANG_WARN_INT_CONVERSION = YES;
				CLANG_WARN_OBJC_ROOT_CLASS = YES_ERROR;
				CLANG_WARN_SUSPICIOUS_MOVE = YES;
				CLANG_WARN_UNREACHABLE_CODE = YES;
				CLANG_WARN__DUPLICATE_METHOD_MATCH = YES;
				"CODE_SIGN_IDENTITY[sdk=iphoneos*]" = "iPhone Developer";
				COPY_PHASE_STRIP = NO;
				DEBUG_INFORMATION_FORMAT = dwarf;
				ENABLE_STRICT_OBJC_MSGSEND = YES;
				ENABLE_TESTABILITY = YES;
				GCC_C_LANGUAGE_STANDARD = gnu99;
				GCC_DYNAMIC_NO_PIC = NO;
				GCC_NO_COMMON_BLOCKS = YES;
				GCC_OPTIMIZATION_LEVEL = 0;
				GCC_PREPROCESSOR_DEFINITIONS = (
					"DEBUG=1",
					"$(inherited)",
				);
				GCC_WARN_64_TO_32_BIT_CONVERSION = YES;
				GCC_WARN_ABOUT_RETURN_TYPE = YES_ERROR;
				GCC_WARN_UNDECLARED_SELECTOR = YES;
				GCC_WARN_UNINITIALIZED_AUTOS = YES_AGGRESSIVE;
				GCC_WARN_UNUSED_FUNCTION = YES;
				GCC_WARN_UNUSED_VARIABLE = YES;
				IPHONEOS_DEPLOYMENT_TARGET = 9.0;
				MTL_ENABLE_DEBUG_INFO = YES;
				ONLY_ACTIVE_ARCH = YES;
				SDKROOT = iphoneos;
				SWIFT_OPTIMIZATION_LEVEL = "-Onone";
				TARGETED_DEVICE_FAMILY = "1,2";
			};
			name = Debug;
		};
		2F7974031D32D529008FD055 /* Release */ = {
			isa = XCBuildConfiguration;
			buildSettings = {
				ALWAYS_SEARCH_USER_PATHS = NO;
				CLANG_CXX_LANGUAGE_STANDARD = "gnu++0x";
				CLANG_CXX_LIBRARY = "libc++";
				CLANG_ENABLE_MODULES = YES;
				CLANG_ENABLE_OBJC_ARC = YES;
				CLANG_WARN_BOOL_CONVERSION = YES;
				CLANG_WARN_CONSTANT_CONVERSION = YES;
				CLANG_WARN_DIRECT_OBJC_ISA_USAGE = YES_ERROR;
				CLANG_WARN_EMPTY_BODY = YES;
				CLANG_WARN_ENUM_CONVERSION = YES;
				CLANG_WARN_INFINITE_RECURSION = YES;
				CLANG_WARN_INT_CONVERSION = YES;
				CLANG_WARN_OBJC_ROOT_CLASS = YES_ERROR;
				CLANG_WARN_SUSPICIOUS_MOVE = YES;
				CLANG_WARN_UNREACHABLE_CODE = YES;
				CLANG_WARN__DUPLICATE_METHOD_MATCH = YES;
				"CODE_SIGN_IDENTITY[sdk=iphoneos*]" = "iPhone Developer";
				COPY_PHASE_STRIP = NO;
				DEBUG_INFORMATION_FORMAT = "dwarf-with-dsym";
				ENABLE_NS_ASSERTIONS = NO;
				ENABLE_STRICT_OBJC_MSGSEND = YES;
				GCC_C_LANGUAGE_STANDARD = gnu99;
				GCC_NO_COMMON_BLOCKS = YES;
				GCC_WARN_64_TO_32_BIT_CONVERSION = YES;
				GCC_WARN_ABOUT_RETURN_TYPE = YES_ERROR;
				GCC_WARN_UNDECLARED_SELECTOR = YES;
				GCC_WARN_UNINITIALIZED_AUTOS = YES_AGGRESSIVE;
				GCC_WARN_UNUSED_FUNCTION = YES;
				GCC_WARN_UNUSED_VARIABLE = YES;
				IPHONEOS_DEPLOYMENT_TARGET = 9.0;
				MTL_ENABLE_DEBUG_INFO = NO;
				SDKROOT = iphoneos;
				SWIFT_OPTIMIZATION_LEVEL = "-Owholemodule";
				TARGETED_DEVICE_FAMILY = "1,2";
				VALIDATE_PRODUCT = YES;
			};
			name = Release;
		};
		2F7974051D32D529008FD055 /* Debug */ = {
			isa = XCBuildConfiguration;
			baseConfigurationReference = 3EA22762392E76D8BF856ADB /* Pods-bikedatacollector2.debug.xcconfig */;
			buildSettings = {
				ASSETCATALOG_COMPILER_APPICON_NAME = AppIcon;
				CODE_SIGN_IDENTITY = "iPhone Developer";
				"CODE_SIGN_IDENTITY[sdk=iphoneos*]" = "iPhone Developer";
				INFOPLIST_FILE = bikedatacollector2/Info.plist;
				LD_RUNPATH_SEARCH_PATHS = "$(inherited) @executable_path/Frameworks";
				PRODUCT_BUNDLE_IDENTIFIER = com.example.bikedatacollector2;
				PRODUCT_NAME = "$(TARGET_NAME)";
				PROVISIONING_PROFILE = "";
				SWIFT_OBJC_BRIDGING_HEADER = "";
				SWIFT_VERSION = 3.0;
			};
			name = Debug;
		};
		2F7974061D32D529008FD055 /* Release */ = {
			isa = XCBuildConfiguration;
			baseConfigurationReference = CA40E93E0524DACC008F90CE /* Pods-bikedatacollector2.release.xcconfig */;
			buildSettings = {
				ASSETCATALOG_COMPILER_APPICON_NAME = AppIcon;
				CODE_SIGN_IDENTITY = "iPhone Developer";
				"CODE_SIGN_IDENTITY[sdk=iphoneos*]" = "iPhone Developer";
				INFOPLIST_FILE = bikedatacollector2/Info.plist;
				LD_RUNPATH_SEARCH_PATHS = "$(inherited) @executable_path/Frameworks";
				PRODUCT_BUNDLE_IDENTIFIER = com.example.bikedatacollector2;
				PRODUCT_NAME = "$(TARGET_NAME)";
				PROVISIONING_PROFILE = "";
				SWIFT_OBJC_BRIDGING_HEADER = "";
				SWIFT_VERSION = 3.0;
			};
			name = Release;
		};
/* End XCBuildConfiguration section */

/* Begin XCConfigurationList section */
		2F7973ED1D32D529008FD055 /* Build configuration list for PBXProject "bikedatacollector2" */ = {
			isa = XCConfigurationList;
			buildConfigurations = (
				2F7974021D32D529008FD055 /* Debug */,
				2F7974031D32D529008FD055 /* Release */,
			);
			defaultConfigurationIsVisible = 0;
			defaultConfigurationName = Release;
		};
		2F7974041D32D529008FD055 /* Build configuration list for PBXNativeTarget "bikedatacollector2" */ = {
			isa = XCConfigurationList;
			buildConfigurations = (
				2F7974051D32D529008FD055 /* Debug */,
				2F7974061D32D529008FD055 /* Release */,
			);
			defaultConfigurationIsVisible = 0;
			defaultConfigurationName = Release;
		};
/* End XCConfigurationList section */
	};
	rootObject = 2F7973EA1D32D529008FD055 /* Project object */;
}
